
Microsoft Visual Studio Solution File, Format Version 12.00
# Visual Studio 15
VisualStudioVersion = 15.0.27130.2020
MinimumVisualStudioVersion = 10.0.40219.1
Project("{FAE04EC0-301F-11D3-BF4B-00C04F79EFBC}") = "Todo", "Todo\Todo.csproj", "{76AD0BA6-CBD1-4379-A0DC-D4A67BF6C3D0}"
EndProject
Project("{FAE04EC0-301F-11D3-BF4B-00C04F79EFBC}") = "Todo.Android", "Todo.Android\Todo.Android.csproj", "{B746C87C-7335-4830-AAE2-ACACE4D69DB5}"
EndProject
Global
	GlobalSection(SolutionConfigurationPlatforms) = preSolution
		Debug|Any CPU = Debug|Any CPU
		Release|Any CPU = Release|Any CPU
	EndGlobalSection
	GlobalSection(ProjectConfigurationPlatforms) = postSolution
		{76AD0BA6-CBD1-4379-A0DC-D4A67BF6C3D0}.Debug|Any CPU.ActiveCfg = Debug|Any CPU
		{76AD0BA6-CBD1-4379-A0DC-D4A67BF6C3D0}.Debug|Any CPU.Build.0 = Debug|Any CPU
		{76AD0BA6-CBD1-4379-A0DC-D4A67BF6C3D0}.Release|Any CPU.ActiveCfg = Release|Any CPU
		{76AD0BA6-CBD1-4379-A0DC-D4A67BF6C3D0}.Release|Any CPU.Build.0 = Release|Any CPU
		{B746C87C-7335-4830-AAE2-ACACE4D69DB5}.Debug|Any CPU.ActiveCfg = Debug|Any CPU
		{B746C87C-7335-4830-AAE2-ACACE4D69DB5}.Debug|Any CPU.Build.0 = Debug|Any CPU
		{B746C87C-7335-4830-AAE2-ACACE4D69DB5}.Debug|Any CPU.Deploy.0 = Debug|Any CPU
		{B746C87C-7335-4830-AAE2-ACACE4D69DB5}.Release|Any CPU.ActiveCfg = Release|Any CPU
		{B746C87C-7335-4830-AAE2-ACACE4D69DB5}.Release|Any CPU.Build.0 = Release|Any CPU
		{B746C87C-7335-4830-AAE2-ACACE4D69DB5}.Release|Any CPU.Deploy.0 = Release|Any CPU
	EndGlobalSection
	GlobalSection(SolutionProperties) = preSolution
		HideSolutionNode = FALSE
	EndGlobalSection
	GlobalSection(ExtensibilityGlobals) = postSolution
		SolutionGuid = {C0923C27-25C2-4512-9A44-959433752DBB}
	EndGlobalSection
EndGlobal
